// !$*UTF8*$!
{
	archiveVersion = 1;
	classes = {
	};
	objectVersion = 55;
	objects = {

/* Begin PBXBuildFile section */
		491FE0A82891366A0076A268 /* GoogleService-Info.plist in Resources */ = {isa = PBXBuildFile; fileRef = 491FE0A72891366A0076A268 /* GoogleService-Info.plist */; };
		491FE0AB289163350076A268 /* FirebaseFirestore in Frameworks */ = {isa = PBXBuildFile; productRef = 491FE0AA289163350076A268 /* FirebaseFirestore */; };
		491FE0AF289163350076A268 /* FirebaseFirestoreSwift in Frameworks */ = {isa = PBXBuildFile; productRef = 491FE0AE289163350076A268 /* FirebaseFirestoreSwift */; };
		491FE0B1289163350076A268 /* FirebaseStorage in Frameworks */ = {isa = PBXBuildFile; productRef = 491FE0B0289163350076A268 /* FirebaseStorage */; };
		492086C32895BFF500F24336 /* ImagePicker.swift in Sources */ = {isa = PBXBuildFile; fileRef = 492086C22895BFF500F24336 /* ImagePicker.swift */; };
		495A26C82890FD4C003B1A8D /* AddStoreView.swift in Sources */ = {isa = PBXBuildFile; fileRef = 495A26C72890FD4C003B1A8D /* AddStoreView.swift */; };
		49676BAF2893CF9C00C03B50 /* StoreInfoView.swift in Sources */ = {isa = PBXBuildFile; fileRef = 49676BAE2893CF9C00C03B50 /* StoreInfoView.swift */; };
		49C9CFF8289CE2ED0042BC80 /* FirebaseAuth in Frameworks */ = {isa = PBXBuildFile; productRef = 49C9CFF7289CE2ED0042BC80 /* FirebaseAuth */; };
		49C9CFFB289CE40F0042BC80 /* GoogleSignIn in Frameworks */ = {isa = PBXBuildFile; productRef = 49C9CFFA289CE40F0042BC80 /* GoogleSignIn */; };
		49C9CFFD289CE40F0042BC80 /* GoogleSignInSwift in Frameworks */ = {isa = PBXBuildFile; productRef = 49C9CFFC289CE40F0042BC80 /* GoogleSignInSwift */; };
		575D98072893AC7800DD3B18 /* Place.swift in Sources */ = {isa = PBXBuildFile; fileRef = 575D98062893AC7700DD3B18 /* Place.swift */; };
		57E0C8272892B98E005D50A6 /* MypageView.swift in Sources */ = {isa = PBXBuildFile; fileRef = 57E0C8262892B98E005D50A6 /* MypageView.swift */; };
		57F16669288FBC16000CEDCE /* BossSpApp.swift in Sources */ = {isa = PBXBuildFile; fileRef = 57F16668288FBC16000CEDCE /* BossSpApp.swift */; };
		57F1666B288FBC16000CEDCE /* MainView.swift in Sources */ = {isa = PBXBuildFile; fileRef = 57F1666A288FBC16000CEDCE /* MainView.swift */; };
		57F1666D288FBC16000CEDCE /* Assets.xcassets in Resources */ = {isa = PBXBuildFile; fileRef = 57F1666C288FBC16000CEDCE /* Assets.xcassets */; };
		57F16670288FBC16000CEDCE /* Preview Assets.xcassets in Resources */ = {isa = PBXBuildFile; fileRef = 57F1666F288FBC16000CEDCE /* Preview Assets.xcassets */; };
		57F97BE928938B7F0088A544 /* MapView.swift in Sources */ = {isa = PBXBuildFile; fileRef = 57F97BE828938B7F0088A544 /* MapView.swift */; };
		57F97BEB28938C180088A544 /* MapViewModel.swift in Sources */ = {isa = PBXBuildFile; fileRef = 57F97BEA28938C180088A544 /* MapViewModel.swift */; };
		57F97BED289394B20088A544 /* Home.swift in Sources */ = {isa = PBXBuildFile; fileRef = 57F97BEC289394B20088A544 /* Home.swift */; };
		57FD271F289CE7ED00D188C7 /* AuthenticationViewModel.swift in Sources */ = {isa = PBXBuildFile; fileRef = 57FD271E289CE7ED00D188C7 /* AuthenticationViewModel.swift */; };
		57FD2721289CEE4100D188C7 /* GoogleSignInButton.swift in Sources */ = {isa = PBXBuildFile; fileRef = 57FD2720289CEE4100D188C7 /* GoogleSignInButton.swift */; };
		57FD2723289CEE5F00D188C7 /* LoginView.swift in Sources */ = {isa = PBXBuildFile; fileRef = 57FD2722289CEE5F00D188C7 /* LoginView.swift */; };
		57FD2725289CEE8F00D188C7 /* ContentView.swift in Sources */ = {isa = PBXBuildFile; fileRef = 57FD2724289CEE8F00D188C7 /* ContentView.swift */; };
		57FD2727289D6CC900D188C7 /* StoreModel.swift in Sources */ = {isa = PBXBuildFile; fileRef = 57FD2726289D6CC900D188C7 /* StoreModel.swift */; };
		A390B08A2897A4C3006769E0 /* LoadingView.swift in Sources */ = {isa = PBXBuildFile; fileRef = A390B0892897A4C2006769E0 /* LoadingView.swift */; };
/* End PBXBuildFile section */

/* Begin PBXFileReference section */
		491FE0A72891366A0076A268 /* GoogleService-Info.plist */ = {isa = PBXFileReference; fileEncoding = 4; lastKnownFileType = text.plist.xml; path = "GoogleService-Info.plist"; sourceTree = "<group>"; };
		492086C22895BFF500F24336 /* ImagePicker.swift */ = {isa = PBXFileReference; fileEncoding = 4; lastKnownFileType = sourcecode.swift; path = ImagePicker.swift; sourceTree = "<group>"; };
		495A26C72890FD4C003B1A8D /* AddStoreView.swift */ = {isa = PBXFileReference; fileEncoding = 4; lastKnownFileType = sourcecode.swift; path = AddStoreView.swift; sourceTree = "<group>"; };
		49676BAE2893CF9C00C03B50 /* StoreInfoView.swift */ = {isa = PBXFileReference; fileEncoding = 4; lastKnownFileType = sourcecode.swift; path = StoreInfoView.swift; sourceTree = "<group>"; };
		575D98062893AC7700DD3B18 /* Place.swift */ = {isa = PBXFileReference; lastKnownFileType = sourcecode.swift; path = Place.swift; sourceTree = "<group>"; };
		57B8470E289109CB00BAA3EE /* Info.plist */ = {isa = PBXFileReference; lastKnownFileType = text.plist.xml; path = Info.plist; sourceTree = "<group>"; };
		57E0C8262892B98E005D50A6 /* MypageView.swift */ = {isa = PBXFileReference; lastKnownFileType = sourcecode.swift; path = MypageView.swift; sourceTree = "<group>"; };
		57F16665288FBC15000CEDCE /* BossSp.app */ = {isa = PBXFileReference; explicitFileType = wrapper.application; includeInIndex = 0; path = BossSp.app; sourceTree = BUILT_PRODUCTS_DIR; };
		57F16668288FBC16000CEDCE /* BossSpApp.swift */ = {isa = PBXFileReference; lastKnownFileType = sourcecode.swift; path = BossSpApp.swift; sourceTree = "<group>"; };
		57F1666A288FBC16000CEDCE /* MainView.swift */ = {isa = PBXFileReference; lastKnownFileType = sourcecode.swift; path = MainView.swift; sourceTree = "<group>"; };
		57F1666C288FBC16000CEDCE /* Assets.xcassets */ = {isa = PBXFileReference; lastKnownFileType = folder.assetcatalog; path = Assets.xcassets; sourceTree = "<group>"; };
		57F1666F288FBC16000CEDCE /* Preview Assets.xcassets */ = {isa = PBXFileReference; lastKnownFileType = folder.assetcatalog; path = "Preview Assets.xcassets"; sourceTree = "<group>"; };
		57F97BE828938B7F0088A544 /* MapView.swift */ = {isa = PBXFileReference; lastKnownFileType = sourcecode.swift; path = MapView.swift; sourceTree = "<group>"; };
		57F97BEA28938C180088A544 /* MapViewModel.swift */ = {isa = PBXFileReference; lastKnownFileType = sourcecode.swift; path = MapViewModel.swift; sourceTree = "<group>"; };
		57F97BEC289394B20088A544 /* Home.swift */ = {isa = PBXFileReference; lastKnownFileType = sourcecode.swift; path = Home.swift; sourceTree = "<group>"; };
		57FD271E289CE7ED00D188C7 /* AuthenticationViewModel.swift */ = {isa = PBXFileReference; lastKnownFileType = sourcecode.swift; path = AuthenticationViewModel.swift; sourceTree = "<group>"; };
		57FD2720289CEE4100D188C7 /* GoogleSignInButton.swift */ = {isa = PBXFileReference; lastKnownFileType = sourcecode.swift; path = GoogleSignInButton.swift; sourceTree = "<group>"; };
		57FD2722289CEE5F00D188C7 /* LoginView.swift */ = {isa = PBXFileReference; lastKnownFileType = sourcecode.swift; path = LoginView.swift; sourceTree = "<group>"; };
		57FD2724289CEE8F00D188C7 /* ContentView.swift */ = {isa = PBXFileReference; lastKnownFileType = sourcecode.swift; path = ContentView.swift; sourceTree = "<group>"; };
		57FD2726289D6CC900D188C7 /* StoreModel.swift */ = {isa = PBXFileReference; lastKnownFileType = sourcecode.swift; path = StoreModel.swift; sourceTree = "<group>"; };
		A390B0892897A4C2006769E0 /* LoadingView.swift */ = {isa = PBXFileReference; lastKnownFileType = sourcecode.swift; path = LoadingView.swift; sourceTree = "<group>"; };
/* End PBXFileReference section */

/* Begin PBXFrameworksBuildPhase section */
		57F16662288FBC15000CEDCE /* Frameworks */ = {
			isa = PBXFrameworksBuildPhase;
			buildActionMask = 2147483647;
			files = (
				49C9CFFB289CE40F0042BC80 /* GoogleSignIn in Frameworks */,
				491FE0AB289163350076A268 /* FirebaseFirestore in Frameworks */,
				491FE0B1289163350076A268 /* FirebaseStorage in Frameworks */,
				49C9CFFD289CE40F0042BC80 /* GoogleSignInSwift in Frameworks */,
				491FE0AF289163350076A268 /* FirebaseFirestoreSwift in Frameworks */,
				49C9CFF8289CE2ED0042BC80 /* FirebaseAuth in Frameworks */,
			);
			runOnlyForDeploymentPostprocessing = 0;
		};
/* End PBXFrameworksBuildPhase section */

/* Begin PBXGroup section */
		492086C42897CBF700F24336 /* Frameworks */ = {
			isa = PBXGroup;
			children = (
			);
			name = Frameworks;
			sourceTree = "<group>";
		};
		57F1665C288FBC15000CEDCE = {
			isa = PBXGroup;
			children = (
				57F16667288FBC16000CEDCE /* BossSp */,
				57F16666288FBC15000CEDCE /* Products */,
				492086C42897CBF700F24336 /* Frameworks */,
			);
			sourceTree = "<group>";
		};
		57F16666288FBC15000CEDCE /* Products */ = {
			isa = PBXGroup;
			children = (
				57F16665288FBC15000CEDCE /* BossSp.app */,
			);
			name = Products;
			sourceTree = "<group>";
		};
		57F16667288FBC16000CEDCE /* BossSp */ = {
			isa = PBXGroup;
			children = (
				57B8470E289109CB00BAA3EE /* Info.plist */,
				57F16668288FBC16000CEDCE /* BossSpApp.swift */,
				492086C22895BFF500F24336 /* ImagePicker.swift */,
				57F1666A288FBC16000CEDCE /* MainView.swift */,
				49676BAE2893CF9C00C03B50 /* StoreInfoView.swift */,
				495A26C72890FD4C003B1A8D /* AddStoreView.swift */,
				491FE0A72891366A0076A268 /* GoogleService-Info.plist */,
				57F1666C288FBC16000CEDCE /* Assets.xcassets */,
				57F1666E288FBC16000CEDCE /* Preview Content */,
				57E0C8262892B98E005D50A6 /* MypageView.swift */,
				57F97BE828938B7F0088A544 /* MapView.swift */,
				57F97BEA28938C180088A544 /* MapViewModel.swift */,
				57F97BEC289394B20088A544 /* Home.swift */,
				575D98062893AC7700DD3B18 /* Place.swift */,
				A390B0892897A4C2006769E0 /* LoadingView.swift */,
				57FD271E289CE7ED00D188C7 /* AuthenticationViewModel.swift */,
				57FD2720289CEE4100D188C7 /* GoogleSignInButton.swift */,
				57FD2722289CEE5F00D188C7 /* LoginView.swift */,
				57FD2724289CEE8F00D188C7 /* ContentView.swift */,
				57FD2726289D6CC900D188C7 /* StoreModel.swift */,
			);
			path = BossSp;
			sourceTree = "<group>";
		};
		57F1666E288FBC16000CEDCE /* Preview Content */ = {
			isa = PBXGroup;
			children = (
				57F1666F288FBC16000CEDCE /* Preview Assets.xcassets */,
			);
			path = "Preview Content";
			sourceTree = "<group>";
		};
/* End PBXGroup section */

/* Begin PBXNativeTarget section */
		57F16664288FBC15000CEDCE /* BossSp */ = {
			isa = PBXNativeTarget;
			buildConfigurationList = 57F16673288FBC16000CEDCE /* Build configuration list for PBXNativeTarget "BossSp" */;
			buildPhases = (
				57F16661288FBC15000CEDCE /* Sources */,
				57F16662288FBC15000CEDCE /* Frameworks */,
				57F16663288FBC15000CEDCE /* Resources */,
			);
			buildRules = (
			);
			dependencies = (
			);
			name = BossSp;
			packageProductDependencies = (
				491FE0AA289163350076A268 /* FirebaseFirestore */,
				491FE0AE289163350076A268 /* FirebaseFirestoreSwift */,
				491FE0B0289163350076A268 /* FirebaseStorage */,
				49C9CFF7289CE2ED0042BC80 /* FirebaseAuth */,
				49C9CFFA289CE40F0042BC80 /* GoogleSignIn */,
				49C9CFFC289CE40F0042BC80 /* GoogleSignInSwift */,
			);
			productName = BossSp;
			productReference = 57F16665288FBC15000CEDCE /* BossSp.app */;
			productType = "com.apple.product-type.application";
		};
/* End PBXNativeTarget section */

/* Begin PBXProject section */
		57F1665D288FBC15000CEDCE /* Project object */ = {
			isa = PBXProject;
			attributes = {
				BuildIndependentTargetsInParallel = 1;
				LastSwiftUpdateCheck = 1340;
				LastUpgradeCheck = 1340;
				TargetAttributes = {
					57F16664288FBC15000CEDCE = {
						CreatedOnToolsVersion = 13.4.1;
					};
				};
			};
			buildConfigurationList = 57F16660288FBC15000CEDCE /* Build configuration list for PBXProject "BossSp" */;
			compatibilityVersion = "Xcode 13.0";
			developmentRegion = en;
			hasScannedForEncodings = 0;
			knownRegions = (
				en,
				Base,
			);
			mainGroup = 57F1665C288FBC15000CEDCE;
			packageReferences = (
				491FE0A9289163350076A268 /* XCRemoteSwiftPackageReference "firebase-ios-sdk" */,
				49C9CFF9289CE40F0042BC80 /* XCRemoteSwiftPackageReference "GoogleSignIn-iOS" */,
			);
			productRefGroup = 57F16666288FBC15000CEDCE /* Products */;
			projectDirPath = "";
			projectRoot = "";
			targets = (
				57F16664288FBC15000CEDCE /* BossSp */,
			);
		};
/* End PBXProject section */

/* Begin PBXResourcesBuildPhase section */
		57F16663288FBC15000CEDCE /* Resources */ = {
			isa = PBXResourcesBuildPhase;
			buildActionMask = 2147483647;
			files = (
				57F16670288FBC16000CEDCE /* Preview Assets.xcassets in Resources */,
				57F1666D288FBC16000CEDCE /* Assets.xcassets in Resources */,
				491FE0A82891366A0076A268 /* GoogleService-Info.plist in Resources */,
			);
			runOnlyForDeploymentPostprocessing = 0;
		};
/* End PBXResourcesBuildPhase section */

/* Begin PBXSourcesBuildPhase section */
		57F16661288FBC15000CEDCE /* Sources */ = {
			isa = PBXSourcesBuildPhase;
			buildActionMask = 2147483647;
			files = (
				57FD271F289CE7ED00D188C7 /* AuthenticationViewModel.swift in Sources */,
				49676BAF2893CF9C00C03B50 /* StoreInfoView.swift in Sources */,
				57F97BE928938B7F0088A544 /* MapView.swift in Sources */,
				57FD2727289D6CC900D188C7 /* StoreModel.swift in Sources */,
				57E0C8272892B98E005D50A6 /* MypageView.swift in Sources */,
				A390B08A2897A4C3006769E0 /* LoadingView.swift in Sources */,
				57F1666B288FBC16000CEDCE /* MainView.swift in Sources */,
				57F97BED289394B20088A544 /* Home.swift in Sources */,
				57F16669288FBC16000CEDCE /* BossSpApp.swift in Sources */,
				57FD2723289CEE5F00D188C7 /* LoginView.swift in Sources */,
				495A26C82890FD4C003B1A8D /* AddStoreView.swift in Sources */,
				492086C32895BFF500F24336 /* ImagePicker.swift in Sources */,
				57FD2725289CEE8F00D188C7 /* ContentView.swift in Sources */,
				57FD2721289CEE4100D188C7 /* GoogleSignInButton.swift in Sources */,
				57F97BEB28938C180088A544 /* MapViewModel.swift in Sources */,
				575D98072893AC7800DD3B18 /* Place.swift in Sources */,
			);
			runOnlyForDeploymentPostprocessing = 0;
		};
/* End PBXSourcesBuildPhase section */

/* Begin XCBuildConfiguration section */
		57F16671288FBC16000CEDCE /* Debug */ = {
			isa = XCBuildConfiguration;
			buildSettings = {
				ALWAYS_SEARCH_USER_PATHS = NO;
				CLANG_ANALYZER_NONNULL = YES;
				CLANG_ANALYZER_NUMBER_OBJECT_CONVERSION = YES_AGGRESSIVE;
				CLANG_CXX_LANGUAGE_STANDARD = "gnu++17";
				CLANG_ENABLE_MODULES = YES;
				CLANG_ENABLE_OBJC_ARC = YES;
				CLANG_ENABLE_OBJC_WEAK = YES;
				CLANG_WARN_BLOCK_CAPTURE_AUTORELEASING = YES;
				CLANG_WARN_BOOL_CONVERSION = YES;
				CLANG_WARN_COMMA = YES;
				CLANG_WARN_CONSTANT_CONVERSION = YES;
				CLANG_WARN_DEPRECATED_OBJC_IMPLEMENTATIONS = YES;
				CLANG_WARN_DIRECT_OBJC_ISA_USAGE = YES_ERROR;
				CLANG_WARN_DOCUMENTATION_COMMENTS = YES;
				CLANG_WARN_EMPTY_BODY = YES;
				CLANG_WARN_ENUM_CONVERSION = YES;
				CLANG_WARN_INFINITE_RECURSION = YES;
				CLANG_WARN_INT_CONVERSION = YES;
				CLANG_WARN_NON_LITERAL_NULL_CONVERSION = YES;
				CLANG_WARN_OBJC_IMPLICIT_RETAIN_SELF = YES;
				CLANG_WARN_OBJC_LITERAL_CONVERSION = YES;
				CLANG_WARN_OBJC_ROOT_CLASS = YES_ERROR;
				CLANG_WARN_QUOTED_INCLUDE_IN_FRAMEWORK_HEADER = YES;
				CLANG_WARN_RANGE_LOOP_ANALYSIS = YES;
				CLANG_WARN_STRICT_PROTOTYPES = YES;
				CLANG_WARN_SUSPICIOUS_MOVE = YES;
				CLANG_WARN_UNGUARDED_AVAILABILITY = YES_AGGRESSIVE;
				CLANG_WARN_UNREACHABLE_CODE = YES;
				CLANG_WARN__DUPLICATE_METHOD_MATCH = YES;
				COPY_PHASE_STRIP = NO;
				DEBUG_INFORMATION_FORMAT = dwarf;
				DEVELOPMENT_TEAM = YG345ZHUP7;
				ENABLE_STRICT_OBJC_MSGSEND = YES;
				ENABLE_TESTABILITY = YES;
				GCC_C_LANGUAGE_STANDARD = gnu11;
				GCC_DYNAMIC_NO_PIC = NO;
				GCC_NO_COMMON_BLOCKS = YES;
				GCC_OPTIMIZATION_LEVEL = 0;
				GCC_PREPROCESSOR_DEFINITIONS = (
					"DEBUG=1",
					"$(inherited)",
				);
				GCC_WARN_64_TO_32_BIT_CONVERSION = YES;
				GCC_WARN_ABOUT_RETURN_TYPE = YES_ERROR;
				GCC_WARN_UNDECLARED_SELECTOR = YES;
				GCC_WARN_UNINITIALIZED_AUTOS = YES_AGGRESSIVE;
				GCC_WARN_UNUSED_FUNCTION = YES;
				GCC_WARN_UNUSED_VARIABLE = YES;
				IPHONEOS_DEPLOYMENT_TARGET = 15.5;
				MTL_ENABLE_DEBUG_INFO = INCLUDE_SOURCE;
				MTL_FAST_MATH = YES;
				ONLY_ACTIVE_ARCH = YES;
				SDKROOT = iphoneos;
				SWIFT_ACTIVE_COMPILATION_CONDITIONS = DEBUG;
				SWIFT_OPTIMIZATION_LEVEL = "-Onone";
			};
			name = Debug;
		};
		57F16672288FBC16000CEDCE /* Release */ = {
			isa = XCBuildConfiguration;
			buildSettings = {
				ALWAYS_SEARCH_USER_PATHS = NO;
				CLANG_ANALYZER_NONNULL = YES;
				CLANG_ANALYZER_NUMBER_OBJECT_CONVERSION = YES_AGGRESSIVE;
				CLANG_CXX_LANGUAGE_STANDARD = "gnu++17";
				CLANG_ENABLE_MODULES = YES;
				CLANG_ENABLE_OBJC_ARC = YES;
				CLANG_ENABLE_OBJC_WEAK = YES;
				CLANG_WARN_BLOCK_CAPTURE_AUTORELEASING = YES;
				CLANG_WARN_BOOL_CONVERSION = YES;
				CLANG_WARN_COMMA = YES;
				CLANG_WARN_CONSTANT_CONVERSION = YES;
				CLANG_WARN_DEPRECATED_OBJC_IMPLEMENTATIONS = YES;
				CLANG_WARN_DIRECT_OBJC_ISA_USAGE = YES_ERROR;
				CLANG_WARN_DOCUMENTATION_COMMENTS = YES;
				CLANG_WARN_EMPTY_BODY = YES;
				CLANG_WARN_ENUM_CONVERSION = YES;
				CLANG_WARN_INFINITE_RECURSION = YES;
				CLANG_WARN_INT_CONVERSION = YES;
				CLANG_WARN_NON_LITERAL_NULL_CONVERSION = YES;
				CLANG_WARN_OBJC_IMPLICIT_RETAIN_SELF = YES;
				CLANG_WARN_OBJC_LITERAL_CONVERSION = YES;
				CLANG_WARN_OBJC_ROOT_CLASS = YES_ERROR;
				CLANG_WARN_QUOTED_INCLUDE_IN_FRAMEWORK_HEADER = YES;
				CLANG_WARN_RANGE_LOOP_ANALYSIS = YES;
				CLANG_WARN_STRICT_PROTOTYPES = YES;
				CLANG_WARN_SUSPICIOUS_MOVE = YES;
				CLANG_WARN_UNGUARDED_AVAILABILITY = YES_AGGRESSIVE;
				CLANG_WARN_UNREACHABLE_CODE = YES;
				CLANG_WARN__DUPLICATE_METHOD_MATCH = YES;
				COPY_PHASE_STRIP = NO;
				DEBUG_INFORMATION_FORMAT = "dwarf-with-dsym";
				DEVELOPMENT_TEAM = YG345ZHUP7;
				ENABLE_NS_ASSERTIONS = NO;
				ENABLE_STRICT_OBJC_MSGSEND = YES;
				GCC_C_LANGUAGE_STANDARD = gnu11;
				GCC_NO_COMMON_BLOCKS = YES;
				GCC_WARN_64_TO_32_BIT_CONVERSION = YES;
				GCC_WARN_ABOUT_RETURN_TYPE = YES_ERROR;
				GCC_WARN_UNDECLARED_SELECTOR = YES;
				GCC_WARN_UNINITIALIZED_AUTOS = YES_AGGRESSIVE;
				GCC_WARN_UNUSED_FUNCTION = YES;
				GCC_WARN_UNUSED_VARIABLE = YES;
				IPHONEOS_DEPLOYMENT_TARGET = 15.5;
				MTL_ENABLE_DEBUG_INFO = NO;
				MTL_FAST_MATH = YES;
				SDKROOT = iphoneos;
				SWIFT_COMPILATION_MODE = wholemodule;
				SWIFT_OPTIMIZATION_LEVEL = "-O";
				VALIDATE_PRODUCT = YES;
			};
			name = Release;
		};
		57F16674288FBC16000CEDCE /* Debug */ = {
			isa = XCBuildConfiguration;
			buildSettings = {
				ASSETCATALOG_COMPILER_APPICON_NAME = AppIcon;
				ASSETCATALOG_COMPILER_GLOBAL_ACCENT_COLOR_NAME = AccentColor;
				CODE_SIGN_STYLE = Automatic;
				CURRENT_PROJECT_VERSION = 1;
				DEVELOPMENT_ASSET_PATHS = "\"BossSp/Preview Content\"";
				DEVELOPMENT_TEAM = 5DFZR8RCQR;
				ENABLE_PREVIEWS = YES;
				GENERATE_INFOPLIST_FILE = YES;
				INFOPLIST_FILE = BossSp/Info.plist;
				INFOPLIST_KEY_CFBundleDisplayName = jd;
				INFOPLIST_KEY_NSLocationWhenInUseUsageDescription = "\"현재 위치 사용을 허가하시겠습니까?\"";
				INFOPLIST_KEY_UIApplicationSceneManifest_Generation = YES;
				INFOPLIST_KEY_UIApplicationSupportsIndirectInputEvents = YES;
				INFOPLIST_KEY_UILaunchScreen_Generation = YES;
				INFOPLIST_KEY_UISupportedInterfaceOrientations_iPad = "UIInterfaceOrientationPortrait UIInterfaceOrientationPortraitUpsideDown UIInterfaceOrientationLandscapeLeft UIInterfaceOrientationLandscapeRight";
				INFOPLIST_KEY_UISupportedInterfaceOrientations_iPhone = "UIInterfaceOrientationPortrait UIInterfaceOrientationLandscapeLeft UIInterfaceOrientationLandscapeRight";
				IPHONEOS_DEPLOYMENT_TARGET = 15.0;
				LD_RUNPATH_SEARCH_PATHS = (
					"$(inherited)",
					"@executable_path/Frameworks",
				);
				MARKETING_VERSION = 1.0;
				PRODUCT_BUNDLE_IDENTIFIER = kr.ac.tukorea.sw.ios.BossSp;
				PRODUCT_NAME = "$(TARGET_NAME)";
				SWIFT_EMIT_LOC_STRINGS = YES;
				SWIFT_VERSION = 5.0;
				TARGETED_DEVICE_FAMILY = "1,2";
			};
			name = Debug;
		};
		57F16675288FBC16000CEDCE /* Release */ = {
			isa = XCBuildConfiguration;
			buildSettings = {
				ASSETCATALOG_COMPILER_APPICON_NAME = AppIcon;
				ASSETCATALOG_COMPILER_GLOBAL_ACCENT_COLOR_NAME = AccentColor;
				CODE_SIGN_STYLE = Automatic;
				CURRENT_PROJECT_VERSION = 1;
				DEVELOPMENT_ASSET_PATHS = "\"BossSp/Preview Content\"";
				DEVELOPMENT_TEAM = 5DFZR8RCQR;
				ENABLE_PREVIEWS = YES;
				GENERATE_INFOPLIST_FILE = YES;
				INFOPLIST_FILE = BossSp/Info.plist;
				INFOPLIST_KEY_CFBundleDisplayName = jd;
				INFOPLIST_KEY_NSLocationWhenInUseUsageDescription = "\"현재 위치 사용을 허가하시겠습니까?\"";
				INFOPLIST_KEY_UIApplicationSceneManifest_Generation = YES;
				INFOPLIST_KEY_UIApplicationSupportsIndirectInputEvents = YES;
				INFOPLIST_KEY_UILaunchScreen_Generation = YES;
				INFOPLIST_KEY_UISupportedInterfaceOrientations_iPad = "UIInterfaceOrientationPortrait UIInterfaceOrientationPortraitUpsideDown UIInterfaceOrientationLandscapeLeft UIInterfaceOrientationLandscapeRight";
				INFOPLIST_KEY_UISupportedInterfaceOrientations_iPhone = "UIInterfaceOrientationPortrait UIInterfaceOrientationLandscapeLeft UIInterfaceOrientationLandscapeRight";
				IPHONEOS_DEPLOYMENT_TARGET = 15.0;
				LD_RUNPATH_SEARCH_PATHS = (
					"$(inherited)",
					"@executable_path/Frameworks",
				);
				MARKETING_VERSION = 1.0;
				PRODUCT_BUNDLE_IDENTIFIER = kr.ac.tukorea.sw.ios.BossSp;
				PRODUCT_NAME = "$(TARGET_NAME)";
				SWIFT_EMIT_LOC_STRINGS = YES;
				SWIFT_VERSION = 5.0;
				TARGETED_DEVICE_FAMILY = "1,2";
			};
			name = Release;
		};
/* End XCBuildConfiguration section */

/* Begin XCConfigurationList section */
		57F16660288FBC15000CEDCE /* Build configuration list for PBXProject "BossSp" */ = {
			isa = XCConfigurationList;
			buildConfigurations = (
				57F16671288FBC16000CEDCE /* Debug */,
				57F16672288FBC16000CEDCE /* Release */,
			);
			defaultConfigurationIsVisible = 0;
			defaultConfigurationName = Release;
		};
		57F16673288FBC16000CEDCE /* Build configuration list for PBXNativeTarget "BossSp" */ = {
			isa = XCConfigurationList;
			buildConfigurations = (
				57F16674288FBC16000CEDCE /* Debug */,
				57F16675288FBC16000CEDCE /* Release */,
			);
			defaultConfigurationIsVisible = 0;
			defaultConfigurationName = Release;
		};
/* End XCConfigurationList section */

/* Begin XCRemoteSwiftPackageReference section */
		491FE0A9289163350076A268 /* XCRemoteSwiftPackageReference "firebase-ios-sdk" */ = {
			isa = XCRemoteSwiftPackageReference;
			repositoryURL = "https://github.com/firebase/firebase-ios-sdk";
			requirement = {
				kind = upToNextMajorVersion;
				minimumVersion = 9.0.0;
			};
		};
		49C9CFF9289CE40F0042BC80 /* XCRemoteSwiftPackageReference "GoogleSignIn-iOS" */ = {
			isa = XCRemoteSwiftPackageReference;
			repositoryURL = "https://github.com/google/GoogleSignIn-iOS";
			requirement = {
				kind = upToNextMajorVersion;
				minimumVersion = 6.0.0;
			};
		};
/* End XCRemoteSwiftPackageReference section */

/* Begin XCSwiftPackageProductDependency section */
		491FE0AA289163350076A268 /* FirebaseFirestore */ = {
			isa = XCSwiftPackageProductDependency;
			package = 491FE0A9289163350076A268 /* XCRemoteSwiftPackageReference "firebase-ios-sdk" */;
			productName = FirebaseFirestore;
		};
		491FE0AE289163350076A268 /* FirebaseFirestoreSwift */ = {
			isa = XCSwiftPackageProductDependency;
			package = 491FE0A9289163350076A268 /* XCRemoteSwiftPackageReference "firebase-ios-sdk" */;
			productName = FirebaseFirestoreSwift;
		};
		491FE0B0289163350076A268 /* FirebaseStorage */ = {
			isa = XCSwiftPackageProductDependency;
			package = 491FE0A9289163350076A268 /* XCRemoteSwiftPackageReference "firebase-ios-sdk" */;
			productName = FirebaseStorage;
		};
		49C9CFF7289CE2ED0042BC80 /* FirebaseAuth */ = {
			isa = XCSwiftPackageProductDependency;
			package = 491FE0A9289163350076A268 /* XCRemoteSwiftPackageReference "firebase-ios-sdk" */;
			productName = FirebaseAuth;
		};
		49C9CFFA289CE40F0042BC80 /* GoogleSignIn */ = {
			isa = XCSwiftPackageProductDependency;
			package = 49C9CFF9289CE40F0042BC80 /* XCRemoteSwiftPackageReference "GoogleSignIn-iOS" */;
			productName = GoogleSignIn;
		};
		49C9CFFC289CE40F0042BC80 /* GoogleSignInSwift */ = {
			isa = XCSwiftPackageProductDependency;
			package = 49C9CFF9289CE40F0042BC80 /* XCRemoteSwiftPackageReference "GoogleSignIn-iOS" */;
			productName = GoogleSignInSwift;
		};
/* End XCSwiftPackageProductDependency section */
	};
	rootObject = 57F1665D288FBC15000CEDCE /* Project object */;
}
